
Microsoft Visual Studio Solution File, Format Version 12.00
# Visual Studio Version 17
VisualStudioVersion = 17.4.33213.308
MinimumVisualStudioVersion = 10.0.40219.1
Project("{FAE04EC0-301F-11D3-BF4B-00C04F79EFBC}") = "Week15OOPAndFiles", "Week15OOPAndFiles\Week15OOPAndFiles.csproj", "{66AE0036-DBE2-43F5-A3EF-2F333E615672}"
EndProject
Global
	GlobalSection(SolutionConfigurationPlatforms) = preSolution
		Debug|Any CPU = Debug|Any CPU
		Release|Any CPU = Release|Any CPU
	EndGlobalSection
	GlobalSection(ProjectConfigurationPlatforms) = postSolution
		{66AE0036-DBE2-43F5-A3EF-2F333E615672}.Debug|Any CPU.ActiveCfg = Debug|Any CPU
		{66AE0036-DBE2-43F5-A3EF-2F333E615672}.Debug|Any CPU.Build.0 = Debug|Any CPU
		{66AE0036-DBE2-43F5-A3EF-2F333E615672}.Release|Any CPU.ActiveCfg = Release|Any CPU
		{66AE0036-DBE2-43F5-A3EF-2F333E615672}.Release|Any CPU.Build.0 = Release|Any CPU
	EndGlobalSection
	GlobalSection(SolutionProperties) = preSolution
		HideSolutionNode = FALSE
	EndGlobalSection
	GlobalSection(ExtensibilityGlobals) = postSolution
		SolutionGuid = {6EEE9768-A136-4721-8427-100218D348D5}
	EndGlobalSection
EndGlobal
